
Microsoft Visual Studio Solution File, Format Version 12.00
# Visual Studio Version 16
VisualStudioVersion = 16.0.30011.22
MinimumVisualStudioVersion = 10.0.40219.1
Project("{FAE04EC0-301F-11D3-BF4B-00C04F79EFBC}") = "Simplex_Method", "Simplex_Method\Simplex_Method.csproj", "{F43493B6-1401-4014-8CEF-4752C1CC9CC6}"
EndProject
Global
	GlobalSection(SolutionConfigurationPlatforms) = preSolution
		Debug|Any CPU = Debug|Any CPU
		Release|Any CPU = Release|Any CPU
	EndGlobalSection
	GlobalSection(ProjectConfigurationPlatforms) = postSolution
		{F43493B6-1401-4014-8CEF-4752C1CC9CC6}.Debug|Any CPU.ActiveCfg = Debug|Any CPU
		{F43493B6-1401-4014-8CEF-4752C1CC9CC6}.Debug|Any CPU.Build.0 = Debug|Any CPU
		{F43493B6-1401-4014-8CEF-4752C1CC9CC6}.Release|Any CPU.ActiveCfg = Release|Any CPU
		{F43493B6-1401-4014-8CEF-4752C1CC9CC6}.Release|Any CPU.Build.0 = Release|Any CPU
	EndGlobalSection
	GlobalSection(SolutionProperties) = preSolution
		HideSolutionNode = FALSE
	EndGlobalSection
	GlobalSection(ExtensibilityGlobals) = postSolution
		SolutionGuid = {1A2B2485-1CB6-4B66-A8A7-2C2574B297C5}
	EndGlobalSection
EndGlobal
